
Microsoft Visual Studio Solution File, Format Version 12.00
# Visual Studio Version 17
VisualStudioVersion = 17.8.34330.188
MinimumVisualStudioVersion = 10.0.40219.1
Project("{FAE04EC0-301F-11D3-BF4B-00C04F79EFBC}") = "nodes", "nodes\nodes.csproj", "{66434686-F226-426E-AD73-3986C84CCFBD}"
EndProject
Global
	GlobalSection(SolutionConfigurationPlatforms) = preSolution
		Debug|Any CPU = Debug|Any CPU
		Release|Any CPU = Release|Any CPU
	EndGlobalSection
	GlobalSection(ProjectConfigurationPlatforms) = postSolution
		{66434686-F226-426E-AD73-3986C84CCFBD}.Debug|Any CPU.ActiveCfg = Debug|Any CPU
		{66434686-F226-426E-AD73-3986C84CCFBD}.Debug|Any CPU.Build.0 = Debug|Any CPU
		{66434686-F226-426E-AD73-3986C84CCFBD}.Debug|Any CPU.Deploy.0 = Debug|Any CPU
		{66434686-F226-426E-AD73-3986C84CCFBD}.Release|Any CPU.ActiveCfg = Release|Any CPU
		{66434686-F226-426E-AD73-3986C84CCFBD}.Release|Any CPU.Build.0 = Release|Any CPU
		{66434686-F226-426E-AD73-3986C84CCFBD}.Release|Any CPU.Deploy.0 = Release|Any CPU
	EndGlobalSection
	GlobalSection(SolutionProperties) = preSolution
		HideSolutionNode = FALSE
	EndGlobalSection
	GlobalSection(ExtensibilityGlobals) = postSolution
		SolutionGuid = {E0BF272C-9A18-4ED8-ACA1-79F17472C722}
	EndGlobalSection
EndGlobal
